# THIS IS AN AUTOGENERATED FILE. DO NOT EDIT THIS FILE DIRECTLY.
# yarn lockfile v1


"@rbxts/types@*":
  version "1.0.568"
  resolved "https://registry.yarnpkg.com/@rbxts/types/-/types-1.0.568.tgz#879451216cd5e4ad4c88fe6a38a6c975f12943bf"
  integrity sha512-XnWwJel9rZuQ23uhI/5phqZX58Qxwub9eRhEYeeiXTCSuJ8L72T9rrnOYzh9Ris+RDBNDjmGPPitFd4hXxNkaQ==
